// !$*UTF8*$!
{
	archiveVersion = 1;
	classes = {
	};
	objectVersion = 55;
	objects = {

/* Begin PBXBuildFile section */
		D149012B27FA076D00A01053 /* TravnerTests.swift in Sources */ = {isa = PBXBuildFile; fileRef = D149012A27FA076D00A01053 /* TravnerTests.swift */; };
		D149013227FA081100A01053 /* AssetTests.swift in Sources */ = {isa = PBXBuildFile; fileRef = D149013127FA081100A01053 /* AssetTests.swift */; };
		D149013427FA08C500A01053 /* ProjectTests.swift in Sources */ = {isa = PBXBuildFile; fileRef = D149013327FA08C500A01053 /* ProjectTests.swift */; };
		D149013627FA095300A01053 /* AwardTests.swift in Sources */ = {isa = PBXBuildFile; fileRef = D149013527FA095300A01053 /* AwardTests.swift */; };
		D149013827FA103400A01053 /* DevelopmentTests.swift in Sources */ = {isa = PBXBuildFile; fileRef = D149013727FA103400A01053 /* DevelopmentTests.swift */; };
		D164BD9327F96EF400475F5D /* TravnerApp.swift in Sources */ = {isa = PBXBuildFile; fileRef = D164BD9227F96EF400475F5D /* TravnerApp.swift */; };
		D164BD9527F96EF400475F5D /* ContentView.swift in Sources */ = {isa = PBXBuildFile; fileRef = D164BD9427F96EF400475F5D /* ContentView.swift */; };
		D164BD9727F96EFA00475F5D /* Assets.xcassets in Resources */ = {isa = PBXBuildFile; fileRef = D164BD9627F96EFA00475F5D /* Assets.xcassets */; };
		D164BDA227F9740100475F5D /* Main.xcdatamodeld in Sources */ = {isa = PBXBuildFile; fileRef = D164BDA027F9740100475F5D /* Main.xcdatamodeld */; };
		D164BDA427F9758600475F5D /* DataController.swift in Sources */ = {isa = PBXBuildFile; fileRef = D164BDA327F9758600475F5D /* DataController.swift */; };
		D164BDA927F9768800475F5D /* CloudKit.framework in Frameworks */ = {isa = PBXBuildFile; fileRef = D164BDA827F9768800475F5D /* CloudKit.framework */; };
		D164BDAB27F9791E00475F5D /* HomeView.swift in Sources */ = {isa = PBXBuildFile; fileRef = D164BDAA27F9791E00475F5D /* HomeView.swift */; };
		D164BDAD27F9797500475F5D /* ProjectsView.swift in Sources */ = {isa = PBXBuildFile; fileRef = D164BDAC27F9797500475F5D /* ProjectsView.swift */; };
		D164BDAF27F97B8D00475F5D /* Item-CoreDataHelpers.swift in Sources */ = {isa = PBXBuildFile; fileRef = D164BDAE27F97B8D00475F5D /* Item-CoreDataHelpers.swift */; };
		D164BDB127F97BA100475F5D /* Project-CoreDataHelpers.swift in Sources */ = {isa = PBXBuildFile; fileRef = D164BDB027F97BA100475F5D /* Project-CoreDataHelpers.swift */; };
		D164BDB327F97CFF00475F5D /* EditItemView.swift in Sources */ = {isa = PBXBuildFile; fileRef = D164BDB227F97CFF00475F5D /* EditItemView.swift */; };
		D164BDB527F97EBE00475F5D /* ItemRowView.swift in Sources */ = {isa = PBXBuildFile; fileRef = D164BDB427F97EBE00475F5D /* ItemRowView.swift */; };
		D164BDB727F980B800475F5D /* Binding-OnChange.swift in Sources */ = {isa = PBXBuildFile; fileRef = D164BDB627F980B800475F5D /* Binding-OnChange.swift */; };
		D164BDB927F981F800475F5D /* ProjectHeaderView.swift in Sources */ = {isa = PBXBuildFile; fileRef = D164BDB827F981F800475F5D /* ProjectHeaderView.swift */; };
		D164BDBB27F982AA00475F5D /* Colors.xcassets in Resources */ = {isa = PBXBuildFile; fileRef = D164BDBA27F982AA00475F5D /* Colors.xcassets */; };
		D164BDBD27F9830100475F5D /* EditProjectView.swift in Sources */ = {isa = PBXBuildFile; fileRef = D164BDBC27F9830100475F5D /* EditProjectView.swift */; };
		D164BDBF27F98AB900475F5D /* Sequence-Sorting.swift in Sources */ = {isa = PBXBuildFile; fileRef = D164BDBE27F98AB900475F5D /* Sequence-Sorting.swift */; };
		D164BDC127F98C2300475F5D /* SelectSomethingView.swift in Sources */ = {isa = PBXBuildFile; fileRef = D164BDC027F98C2300475F5D /* SelectSomethingView.swift */; };
		D164BDC327F98DF500475F5D /* Bundle-Decodable.swift in Sources */ = {isa = PBXBuildFile; fileRef = D164BDC227F98DF500475F5D /* Bundle-Decodable.swift */; };
		D164BDC727F98E6000475F5D /* Award.swift in Sources */ = {isa = PBXBuildFile; fileRef = D164BDC627F98E6000475F5D /* Award.swift */; };
		D164BDC927F98E8F00475F5D /* AwardsView.swift in Sources */ = {isa = PBXBuildFile; fileRef = D164BDC827F98E8F00475F5D /* AwardsView.swift */; };
		D164BDCB27F9934300475F5D /* Color-Additions.swift in Sources */ = {isa = PBXBuildFile; fileRef = D164BDCA27F9934300475F5D /* Color-Additions.swift */; };
		D169A79827F9B8D30051D9F4 /* Awards.json in Resources */ = {isa = PBXBuildFile; fileRef = D169A79427F9B8D30051D9F4 /* Awards.json */; };
		D169A79927F9B92D0051D9F4 /* Localizable.strings in Resources */ = {isa = PBXBuildFile; fileRef = D169A79B27F9B92D0051D9F4 /* Localizable.strings */; };
		D169A79C27F9B9320051D9F4 /* Localizable.stringsdict in Resources */ = {isa = PBXBuildFile; fileRef = D169A79E27F9B9320051D9F4 /* Localizable.stringsdict */; };
		D169A7A327F9D70E0051D9F4 /* ItemListView.swift in Sources */ = {isa = PBXBuildFile; fileRef = D169A7A227F9D70E0051D9F4 /* ItemListView.swift */; };
		D169A7A527F9D7770051D9F4 /* ProjectSummaryView.swift in Sources */ = {isa = PBXBuildFile; fileRef = D169A7A427F9D7770051D9F4 /* ProjectSummaryView.swift */; };
/* End PBXBuildFile section */

/* Begin PBXContainerItemProxy section */
		D149012C27FA076D00A01053 /* PBXContainerItemProxy */ = {
			isa = PBXContainerItemProxy;
			containerPortal = D164BD8727F96EF400475F5D /* Project object */;
			proxyType = 1;
			remoteGlobalIDString = D164BD8E27F96EF400475F5D;
			remoteInfo = Travner;
		};
/* End PBXContainerItemProxy section */

/* Begin PBXFileReference section */
		D149012827FA076C00A01053 /* TravnerTests.xctest */ = {isa = PBXFileReference; explicitFileType = wrapper.cfbundle; includeInIndex = 0; path = TravnerTests.xctest; sourceTree = BUILT_PRODUCTS_DIR; };
		D149012A27FA076D00A01053 /* TravnerTests.swift */ = {isa = PBXFileReference; lastKnownFileType = sourcecode.swift; path = TravnerTests.swift; sourceTree = "<group>"; };
		D149013127FA081100A01053 /* AssetTests.swift */ = {isa = PBXFileReference; lastKnownFileType = sourcecode.swift; path = AssetTests.swift; sourceTree = "<group>"; };
		D149013327FA08C500A01053 /* ProjectTests.swift */ = {isa = PBXFileReference; lastKnownFileType = sourcecode.swift; path = ProjectTests.swift; sourceTree = "<group>"; };
		D149013527FA095300A01053 /* AwardTests.swift */ = {isa = PBXFileReference; lastKnownFileType = sourcecode.swift; path = AwardTests.swift; sourceTree = "<group>"; };
		D149013727FA103400A01053 /* DevelopmentTests.swift */ = {isa = PBXFileReference; lastKnownFileType = sourcecode.swift; path = DevelopmentTests.swift; sourceTree = "<group>"; };
		D164BD8F27F96EF400475F5D /* Travner.app */ = {isa = PBXFileReference; explicitFileType = wrapper.application; includeInIndex = 0; path = Travner.app; sourceTree = BUILT_PRODUCTS_DIR; };
		D164BD9227F96EF400475F5D /* TravnerApp.swift */ = {isa = PBXFileReference; lastKnownFileType = sourcecode.swift; path = TravnerApp.swift; sourceTree = "<group>"; };
		D164BD9427F96EF400475F5D /* ContentView.swift */ = {isa = PBXFileReference; lastKnownFileType = sourcecode.swift; path = ContentView.swift; sourceTree = "<group>"; };
		D164BD9627F96EFA00475F5D /* Assets.xcassets */ = {isa = PBXFileReference; lastKnownFileType = folder.assetcatalog; path = Assets.xcassets; sourceTree = "<group>"; };
		D164BDA127F9740100475F5D /* Main.xcdatamodel */ = {isa = PBXFileReference; lastKnownFileType = wrapper.xcdatamodel; path = Main.xcdatamodel; sourceTree = "<group>"; };
		D164BDA327F9758600475F5D /* DataController.swift */ = {isa = PBXFileReference; lastKnownFileType = sourcecode.swift; path = DataController.swift; sourceTree = "<group>"; };
		D164BDA527F9767D00475F5D /* Travner.entitlements */ = {isa = PBXFileReference; lastKnownFileType = text.plist.entitlements; path = Travner.entitlements; sourceTree = "<group>"; };
		D164BDA627F9768200475F5D /* Info.plist */ = {isa = PBXFileReference; lastKnownFileType = text.plist.xml; path = Info.plist; sourceTree = "<group>"; };
		D164BDA827F9768800475F5D /* CloudKit.framework */ = {isa = PBXFileReference; lastKnownFileType = wrapper.framework; name = CloudKit.framework; path = System/Library/Frameworks/CloudKit.framework; sourceTree = SDKROOT; };
		D164BDAA27F9791E00475F5D /* HomeView.swift */ = {isa = PBXFileReference; lastKnownFileType = sourcecode.swift; path = HomeView.swift; sourceTree = "<group>"; };
		D164BDAC27F9797500475F5D /* ProjectsView.swift */ = {isa = PBXFileReference; lastKnownFileType = sourcecode.swift; path = ProjectsView.swift; sourceTree = "<group>"; };
		D164BDAE27F97B8D00475F5D /* Item-CoreDataHelpers.swift */ = {isa = PBXFileReference; lastKnownFileType = sourcecode.swift; path = "Item-CoreDataHelpers.swift"; sourceTree = "<group>"; };
		D164BDB027F97BA100475F5D /* Project-CoreDataHelpers.swift */ = {isa = PBXFileReference; lastKnownFileType = sourcecode.swift; path = "Project-CoreDataHelpers.swift"; sourceTree = "<group>"; };
		D164BDB227F97CFF00475F5D /* EditItemView.swift */ = {isa = PBXFileReference; lastKnownFileType = sourcecode.swift; path = EditItemView.swift; sourceTree = "<group>"; };
		D164BDB427F97EBE00475F5D /* ItemRowView.swift */ = {isa = PBXFileReference; lastKnownFileType = sourcecode.swift; path = ItemRowView.swift; sourceTree = "<group>"; };
		D164BDB627F980B800475F5D /* Binding-OnChange.swift */ = {isa = PBXFileReference; lastKnownFileType = sourcecode.swift; path = "Binding-OnChange.swift"; sourceTree = "<group>"; };
		D164BDB827F981F800475F5D /* ProjectHeaderView.swift */ = {isa = PBXFileReference; lastKnownFileType = sourcecode.swift; path = ProjectHeaderView.swift; sourceTree = "<group>"; };
		D164BDBA27F982AA00475F5D /* Colors.xcassets */ = {isa = PBXFileReference; lastKnownFileType = folder.assetcatalog; path = Colors.xcassets; sourceTree = "<group>"; };
		D164BDBC27F9830100475F5D /* EditProjectView.swift */ = {isa = PBXFileReference; lastKnownFileType = sourcecode.swift; path = EditProjectView.swift; sourceTree = "<group>"; };
		D164BDBE27F98AB900475F5D /* Sequence-Sorting.swift */ = {isa = PBXFileReference; lastKnownFileType = sourcecode.swift; path = "Sequence-Sorting.swift"; sourceTree = "<group>"; };
		D164BDC027F98C2300475F5D /* SelectSomethingView.swift */ = {isa = PBXFileReference; lastKnownFileType = sourcecode.swift; path = SelectSomethingView.swift; sourceTree = "<group>"; };
		D164BDC227F98DF500475F5D /* Bundle-Decodable.swift */ = {isa = PBXFileReference; lastKnownFileType = sourcecode.swift; path = "Bundle-Decodable.swift"; sourceTree = "<group>"; };
		D164BDC627F98E6000475F5D /* Award.swift */ = {isa = PBXFileReference; lastKnownFileType = sourcecode.swift; path = Award.swift; sourceTree = "<group>"; };
		D164BDC827F98E8F00475F5D /* AwardsView.swift */ = {isa = PBXFileReference; lastKnownFileType = sourcecode.swift; path = AwardsView.swift; sourceTree = "<group>"; };
		D164BDCA27F9934300475F5D /* Color-Additions.swift */ = {isa = PBXFileReference; lastKnownFileType = sourcecode.swift; path = "Color-Additions.swift"; sourceTree = "<group>"; };
		D169A79527F9B8D30051D9F4 /* en */ = {isa = PBXFileReference; lastKnownFileType = text.json; name = en; path = en.lproj/Awards.json; sourceTree = "<group>"; };
		D169A79A27F9B92D0051D9F4 /* en */ = {isa = PBXFileReference; lastKnownFileType = text.plist.strings; name = en; path = en.lproj/Localizable.strings; sourceTree = "<group>"; };
		D169A79D27F9B9320051D9F4 /* en */ = {isa = PBXFileReference; lastKnownFileType = text.plist.stringsdict; name = en; path = en.lproj/Localizable.stringsdict; sourceTree = "<group>"; };
		D169A79F27F9B9B70051D9F4 /* pt-BR */ = {isa = PBXFileReference; lastKnownFileType = text.json; name = "pt-BR"; path = "pt-BR.lproj/Awards.json"; sourceTree = "<group>"; };
		D169A7A027F9B9B70051D9F4 /* pt-BR */ = {isa = PBXFileReference; lastKnownFileType = text.plist.strings; name = "pt-BR"; path = "pt-BR.lproj/Localizable.strings"; sourceTree = "<group>"; };
		D169A7A127F9B9B70051D9F4 /* pt-BR */ = {isa = PBXFileReference; lastKnownFileType = text.plist.stringsdict; name = "pt-BR"; path = "pt-BR.lproj/Localizable.stringsdict"; sourceTree = "<group>"; };
		D169A7A227F9D70E0051D9F4 /* ItemListView.swift */ = {isa = PBXFileReference; lastKnownFileType = sourcecode.swift; path = ItemListView.swift; sourceTree = "<group>"; };
		D169A7A427F9D7770051D9F4 /* ProjectSummaryView.swift */ = {isa = PBXFileReference; lastKnownFileType = sourcecode.swift; path = ProjectSummaryView.swift; sourceTree = "<group>"; };
/* End PBXFileReference section */

/* Begin PBXFrameworksBuildPhase section */
		D149012527FA076C00A01053 /* Frameworks */ = {
			isa = PBXFrameworksBuildPhase;
			buildActionMask = 2147483647;
			files = (
			);
			runOnlyForDeploymentPostprocessing = 0;
		};
		D164BD8C27F96EF400475F5D /* Frameworks */ = {
			isa = PBXFrameworksBuildPhase;
			buildActionMask = 2147483647;
			files = (
				D164BDA927F9768800475F5D /* CloudKit.framework in Frameworks */,
			);
			runOnlyForDeploymentPostprocessing = 0;
		};
/* End PBXFrameworksBuildPhase section */

/* Begin PBXGroup section */
		D149012927FA076D00A01053 /* TravnerTests */ = {
			isa = PBXGroup;
			children = (
				D149012A27FA076D00A01053 /* TravnerTests.swift */,
				D149013127FA081100A01053 /* AssetTests.swift */,
				D149013327FA08C500A01053 /* ProjectTests.swift */,
				D149013527FA095300A01053 /* AwardTests.swift */,
				D149013727FA103400A01053 /* DevelopmentTests.swift */,
			);
			path = TravnerTests;
			sourceTree = "<group>";
		};
		D164BD8627F96EF400475F5D = {
			isa = PBXGroup;
			children = (
				D164BD9127F96EF400475F5D /* Travner */,
				D149012927FA076D00A01053 /* TravnerTests */,
				D164BD9027F96EF400475F5D /* Products */,
				D164BDA727F9768800475F5D /* Frameworks */,
			);
			sourceTree = "<group>";
		};
		D164BD9027F96EF400475F5D /* Products */ = {
			isa = PBXGroup;
			children = (
				D164BD8F27F96EF400475F5D /* Travner.app */,
				D149012827FA076C00A01053 /* TravnerTests.xctest */,
			);
			name = Products;
			sourceTree = "<group>";
		};
		D164BD9127F96EF400475F5D /* Travner */ = {
			isa = PBXGroup;
			children = (
				D169A7AD27FA00570051D9F4 /* Activities */,
				D169A7AA27F9FD0F0051D9F4 /* Extensions */,
				D169A7AB27F9FD2A0051D9F4 /* Localization */,
				D169A7AC27F9FD690051D9F4 /* Configuration */,
				D164BD9227F96EF400475F5D /* TravnerApp.swift */,
				D164BDA327F9758600475F5D /* DataController.swift */,
				D164BD9427F96EF400475F5D /* ContentView.swift */,
				D164BD9627F96EFA00475F5D /* Assets.xcassets */,
				D164BDBA27F982AA00475F5D /* Colors.xcassets */,
			);
			path = Travner;
			sourceTree = "<group>";
		};
		D164BDA727F9768800475F5D /* Frameworks */ = {
			isa = PBXGroup;
			children = (
				D164BDA827F9768800475F5D /* CloudKit.framework */,
			);
			name = Frameworks;
			sourceTree = "<group>";
		};
		D169A7AA27F9FD0F0051D9F4 /* Extensions */ = {
			isa = PBXGroup;
			children = (
				D164BDC227F98DF500475F5D /* Bundle-Decodable.swift */,
				D164BDBE27F98AB900475F5D /* Sequence-Sorting.swift */,
				D164BDB627F980B800475F5D /* Binding-OnChange.swift */,
				D164BDCA27F9934300475F5D /* Color-Additions.swift */,
				D164BDAE27F97B8D00475F5D /* Item-CoreDataHelpers.swift */,
				D164BDB027F97BA100475F5D /* Project-CoreDataHelpers.swift */,
			);
			path = Extensions;
			sourceTree = "<group>";
		};
		D169A7AB27F9FD2A0051D9F4 /* Localization */ = {
			isa = PBXGroup;
			children = (
				D169A79B27F9B92D0051D9F4 /* Localizable.strings */,
				D169A79E27F9B9320051D9F4 /* Localizable.stringsdict */,
			);
			path = Localization;
			sourceTree = "<group>";
		};
		D169A7AC27F9FD690051D9F4 /* Configuration */ = {
			isa = PBXGroup;
			children = (
				D164BDA527F9767D00475F5D /* Travner.entitlements */,
				D164BDA627F9768200475F5D /* Info.plist */,
				D164BDA027F9740100475F5D /* Main.xcdatamodeld */,
			);
			path = Configuration;
			sourceTree = "<group>";
		};
		D169A7AD27FA00570051D9F4 /* Activities */ = {
			isa = PBXGroup;
			children = (
				D169A7AF27FA00630051D9F4 /* Home */,
				D169A7AE27FA005F0051D9F4 /* Projects */,
				D169A7B027FA00680051D9F4 /* Awards */,
			);
			path = Activities;
			sourceTree = "<group>";
		};
		D169A7AE27FA005F0051D9F4 /* Projects */ = {
			isa = PBXGroup;
			children = (
				D164BDAC27F9797500475F5D /* ProjectsView.swift */,
				D164BDC027F98C2300475F5D /* SelectSomethingView.swift */,
				D164BDB827F981F800475F5D /* ProjectHeaderView.swift */,
				D164BDB427F97EBE00475F5D /* ItemRowView.swift */,
				D164BDBC27F9830100475F5D /* EditProjectView.swift */,
				D164BDB227F97CFF00475F5D /* EditItemView.swift */,
			);
			path = Projects;
			sourceTree = "<group>";
		};
		D169A7AF27FA00630051D9F4 /* Home */ = {
			isa = PBXGroup;
			children = (
				D164BDAA27F9791E00475F5D /* HomeView.swift */,
				D169A7A227F9D70E0051D9F4 /* ItemListView.swift */,
				D169A7A427F9D7770051D9F4 /* ProjectSummaryView.swift */,
			);
			path = Home;
			sourceTree = "<group>";
		};
		D169A7B027FA00680051D9F4 /* Awards */ = {
			isa = PBXGroup;
			children = (
				D164BDC827F98E8F00475F5D /* AwardsView.swift */,
				D164BDC627F98E6000475F5D /* Award.swift */,
				D169A79427F9B8D30051D9F4 /* Awards.json */,
			);
			path = Awards;
			sourceTree = "<group>";
		};
/* End PBXGroup section */

/* Begin PBXNativeTarget section */
		D149012727FA076C00A01053 /* TravnerTests */ = {
			isa = PBXNativeTarget;
			buildConfigurationList = D149013027FA076D00A01053 /* Build configuration list for PBXNativeTarget "TravnerTests" */;
			buildPhases = (
				D149012427FA076C00A01053 /* Sources */,
				D149012527FA076C00A01053 /* Frameworks */,
				D149012627FA076C00A01053 /* Resources */,
			);
			buildRules = (
			);
			dependencies = (
				D149012D27FA076D00A01053 /* PBXTargetDependency */,
			);
			name = TravnerTests;
			productName = TravnerTests;
			productReference = D149012827FA076C00A01053 /* TravnerTests.xctest */;
			productType = "com.apple.product-type.bundle.unit-test";
		};
		D164BD8E27F96EF400475F5D /* Travner */ = {
			isa = PBXNativeTarget;
			buildConfigurationList = D164BD9D27F96EFA00475F5D /* Build configuration list for PBXNativeTarget "Travner" */;
			buildPhases = (
				D169A7A627F9EEFD0051D9F4 /* SwiftLint */,
				D164BD8B27F96EF400475F5D /* Sources */,
				D164BD8C27F96EF400475F5D /* Frameworks */,
				D164BD8D27F96EF400475F5D /* Resources */,
			);
			buildRules = (
			);
			dependencies = (
			);
			name = Travner;
			productName = Travner;
			productReference = D164BD8F27F96EF400475F5D /* Travner.app */;
			productType = "com.apple.product-type.application";
		};
/* End PBXNativeTarget section */

/* Begin PBXProject section */
		D164BD8727F96EF400475F5D /* Project object */ = {
			isa = PBXProject;
			attributes = {
				BuildIndependentTargetsInParallel = 1;
				LastSwiftUpdateCheck = 1330;
				LastUpgradeCheck = 1330;
				TargetAttributes = {
					D149012727FA076C00A01053 = {
						CreatedOnToolsVersion = 13.3;
						TestTargetID = D164BD8E27F96EF400475F5D;
					};
					D164BD8E27F96EF400475F5D = {
						CreatedOnToolsVersion = 13.3;
					};
				};
			};
			buildConfigurationList = D164BD8A27F96EF400475F5D /* Build configuration list for PBXProject "Travner" */;
			compatibilityVersion = "Xcode 13.0";
			developmentRegion = en;
			hasScannedForEncodings = 0;
			knownRegions = (
				en,
				Base,
				"pt-BR",
			);
			mainGroup = D164BD8627F96EF400475F5D;
			productRefGroup = D164BD9027F96EF400475F5D /* Products */;
			projectDirPath = "";
			projectRoot = "";
			targets = (
				D164BD8E27F96EF400475F5D /* Travner */,
				D149012727FA076C00A01053 /* TravnerTests */,
			);
		};
/* End PBXProject section */

/* Begin PBXResourcesBuildPhase section */
		D149012627FA076C00A01053 /* Resources */ = {
			isa = PBXResourcesBuildPhase;
			buildActionMask = 2147483647;
			files = (
			);
			runOnlyForDeploymentPostprocessing = 0;
		};
		D164BD8D27F96EF400475F5D /* Resources */ = {
			isa = PBXResourcesBuildPhase;
			buildActionMask = 2147483647;
			files = (
				D164BD9727F96EFA00475F5D /* Assets.xcassets in Resources */,
				D169A79827F9B8D30051D9F4 /* Awards.json in Resources */,
				D169A79C27F9B9320051D9F4 /* Localizable.stringsdict in Resources */,
				D169A79927F9B92D0051D9F4 /* Localizable.strings in Resources */,
				D164BDBB27F982AA00475F5D /* Colors.xcassets in Resources */,
			);
			runOnlyForDeploymentPostprocessing = 0;
		};
/* End PBXResourcesBuildPhase section */

/* Begin PBXShellScriptBuildPhase section */
		D169A7A627F9EEFD0051D9F4 /* SwiftLint */ = {
			isa = PBXShellScriptBuildPhase;
			buildActionMask = 2147483647;
			files = (
			);
			inputFileListPaths = (
			);
			inputPaths = (
			);
			name = SwiftLint;
			outputFileListPaths = (
			);
			outputPaths = (
			);
			runOnlyForDeploymentPostprocessing = 0;
			shellPath = /bin/sh;
			shellScript = "if which swiftlint >/dev/null; then\n  swiftlint\nelse\n  echo \"warning: SwiftLint not installed, download from https://github.com/realm/SwiftLint\"\nfi\n";
		};
/* End PBXShellScriptBuildPhase section */

/* Begin PBXSourcesBuildPhase section */
		D149012427FA076C00A01053 /* Sources */ = {
			isa = PBXSourcesBuildPhase;
			buildActionMask = 2147483647;
			files = (
				D149013227FA081100A01053 /* AssetTests.swift in Sources */,
				D149013627FA095300A01053 /* AwardTests.swift in Sources */,
				D149012B27FA076D00A01053 /* TravnerTests.swift in Sources */,
				D149013427FA08C500A01053 /* ProjectTests.swift in Sources */,
				D149013827FA103400A01053 /* DevelopmentTests.swift in Sources */,
			);
			runOnlyForDeploymentPostprocessing = 0;
		};
		D164BD8B27F96EF400475F5D /* Sources */ = {
			isa = PBXSourcesBuildPhase;
			buildActionMask = 2147483647;
			files = (
				D164BDAD27F9797500475F5D /* ProjectsView.swift in Sources */,
				D169A7A527F9D7770051D9F4 /* ProjectSummaryView.swift in Sources */,
				D164BDB927F981F800475F5D /* ProjectHeaderView.swift in Sources */,
				D164BDA227F9740100475F5D /* Main.xcdatamodeld in Sources */,
				D164BDC927F98E8F00475F5D /* AwardsView.swift in Sources */,
				D164BDB127F97BA100475F5D /* Project-CoreDataHelpers.swift in Sources */,
				D164BDCB27F9934300475F5D /* Color-Additions.swift in Sources */,
				D164BDBD27F9830100475F5D /* EditProjectView.swift in Sources */,
				D164BDA427F9758600475F5D /* DataController.swift in Sources */,
				D164BDC127F98C2300475F5D /* SelectSomethingView.swift in Sources */,
				D164BDC727F98E6000475F5D /* Award.swift in Sources */,
				D164BDB527F97EBE00475F5D /* ItemRowView.swift in Sources */,
				D164BD9527F96EF400475F5D /* ContentView.swift in Sources */,
				D164BDB727F980B800475F5D /* Binding-OnChange.swift in Sources */,
				D164BDBF27F98AB900475F5D /* Sequence-Sorting.swift in Sources */,
				D164BDAB27F9791E00475F5D /* HomeView.swift in Sources */,
				D169A7A327F9D70E0051D9F4 /* ItemListView.swift in Sources */,
				D164BDC327F98DF500475F5D /* Bundle-Decodable.swift in Sources */,
				D164BD9327F96EF400475F5D /* TravnerApp.swift in Sources */,
				D164BDAF27F97B8D00475F5D /* Item-CoreDataHelpers.swift in Sources */,
				D164BDB327F97CFF00475F5D /* EditItemView.swift in Sources */,
			);
			runOnlyForDeploymentPostprocessing = 0;
		};
/* End PBXSourcesBuildPhase section */

/* Begin PBXTargetDependency section */
		D149012D27FA076D00A01053 /* PBXTargetDependency */ = {
			isa = PBXTargetDependency;
			target = D164BD8E27F96EF400475F5D /* Travner */;
			targetProxy = D149012C27FA076D00A01053 /* PBXContainerItemProxy */;
		};
/* End PBXTargetDependency section */

/* Begin PBXVariantGroup section */
		D169A79427F9B8D30051D9F4 /* Awards.json */ = {
			isa = PBXVariantGroup;
			children = (
				D169A79527F9B8D30051D9F4 /* en */,
				D169A79F27F9B9B70051D9F4 /* pt-BR */,
			);
			name = Awards.json;
			sourceTree = "<group>";
		};
		D169A79B27F9B92D0051D9F4 /* Localizable.strings */ = {
			isa = PBXVariantGroup;
			children = (
				D169A79A27F9B92D0051D9F4 /* en */,
				D169A7A027F9B9B70051D9F4 /* pt-BR */,
			);
			name = Localizable.strings;
			sourceTree = "<group>";
		};
		D169A79E27F9B9320051D9F4 /* Localizable.stringsdict */ = {
			isa = PBXVariantGroup;
			children = (
				D169A79D27F9B9320051D9F4 /* en */,
				D169A7A127F9B9B70051D9F4 /* pt-BR */,
			);
			name = Localizable.stringsdict;
			sourceTree = "<group>";
		};
/* End PBXVariantGroup section */

/* Begin XCBuildConfiguration section */
		D149012E27FA076D00A01053 /* Debug */ = {
			isa = XCBuildConfiguration;
			buildSettings = {
				BUNDLE_LOADER = "$(TEST_HOST)";
				CODE_SIGN_STYLE = Automatic;
				CURRENT_PROJECT_VERSION = 1;
				DEVELOPMENT_TEAM = 6YURMG4P5W;
				GENERATE_INFOPLIST_FILE = YES;
				MARKETING_VERSION = 1.0;
				PRODUCT_BUNDLE_IDENTIFIER = dev.mazzar.TravnerTests;
				PRODUCT_NAME = "$(TARGET_NAME)";
				SWIFT_EMIT_LOC_STRINGS = NO;
				SWIFT_VERSION = 5.0;
				TARGETED_DEVICE_FAMILY = "1,2";
				TEST_HOST = "$(BUILT_PRODUCTS_DIR)/Travner.app/Travner";
			};
			name = Debug;
		};
		D149012F27FA076D00A01053 /* Release */ = {
			isa = XCBuildConfiguration;
			buildSettings = {
				BUNDLE_LOADER = "$(TEST_HOST)";
				CODE_SIGN_STYLE = Automatic;
				CURRENT_PROJECT_VERSION = 1;
				DEVELOPMENT_TEAM = 6YURMG4P5W;
				GENERATE_INFOPLIST_FILE = YES;
				MARKETING_VERSION = 1.0;
				PRODUCT_BUNDLE_IDENTIFIER = dev.mazzar.TravnerTests;
				PRODUCT_NAME = "$(TARGET_NAME)";
				SWIFT_EMIT_LOC_STRINGS = NO;
				SWIFT_VERSION = 5.0;
				TARGETED_DEVICE_FAMILY = "1,2";
				TEST_HOST = "$(BUILT_PRODUCTS_DIR)/Travner.app/Travner";
			};
			name = Release;
		};
		D164BD9B27F96EFA00475F5D /* Debug */ = {
			isa = XCBuildConfiguration;
			buildSettings = {
				ALWAYS_SEARCH_USER_PATHS = NO;
				CLANG_ANALYZER_LOCALIZABILITY_NONLOCALIZED = YES;
				CLANG_ANALYZER_NONNULL = YES;
				CLANG_ANALYZER_NUMBER_OBJECT_CONVERSION = YES_AGGRESSIVE;
				CLANG_CXX_LANGUAGE_STANDARD = "gnu++17";
				CLANG_ENABLE_MODULES = YES;
				CLANG_ENABLE_OBJC_ARC = YES;
				CLANG_ENABLE_OBJC_WEAK = YES;
				CLANG_WARN_BLOCK_CAPTURE_AUTORELEASING = YES;
				CLANG_WARN_BOOL_CONVERSION = YES;
				CLANG_WARN_COMMA = YES;
				CLANG_WARN_CONSTANT_CONVERSION = YES;
				CLANG_WARN_DEPRECATED_OBJC_IMPLEMENTATIONS = YES;
				CLANG_WARN_DIRECT_OBJC_ISA_USAGE = YES_ERROR;
				CLANG_WARN_DOCUMENTATION_COMMENTS = YES;
				CLANG_WARN_EMPTY_BODY = YES;
				CLANG_WARN_ENUM_CONVERSION = YES;
				CLANG_WARN_INFINITE_RECURSION = YES;
				CLANG_WARN_INT_CONVERSION = YES;
				CLANG_WARN_NON_LITERAL_NULL_CONVERSION = YES;
				CLANG_WARN_OBJC_IMPLICIT_RETAIN_SELF = YES;
				CLANG_WARN_OBJC_LITERAL_CONVERSION = YES;
				CLANG_WARN_OBJC_ROOT_CLASS = YES_ERROR;
				CLANG_WARN_QUOTED_INCLUDE_IN_FRAMEWORK_HEADER = YES;
				CLANG_WARN_RANGE_LOOP_ANALYSIS = YES;
				CLANG_WARN_STRICT_PROTOTYPES = YES;
				CLANG_WARN_SUSPICIOUS_MOVE = YES;
				CLANG_WARN_UNGUARDED_AVAILABILITY = YES_AGGRESSIVE;
				CLANG_WARN_UNREACHABLE_CODE = YES;
				CLANG_WARN__DUPLICATE_METHOD_MATCH = YES;
				COPY_PHASE_STRIP = NO;
				DEBUG_INFORMATION_FORMAT = dwarf;
				ENABLE_STRICT_OBJC_MSGSEND = YES;
				ENABLE_TESTABILITY = YES;
				GCC_C_LANGUAGE_STANDARD = gnu11;
				GCC_DYNAMIC_NO_PIC = NO;
				GCC_NO_COMMON_BLOCKS = YES;
				GCC_OPTIMIZATION_LEVEL = 0;
				GCC_PREPROCESSOR_DEFINITIONS = (
					"DEBUG=1",
					"$(inherited)",
				);
				GCC_WARN_64_TO_32_BIT_CONVERSION = YES;
				GCC_WARN_ABOUT_RETURN_TYPE = YES_ERROR;
				GCC_WARN_UNDECLARED_SELECTOR = YES;
				GCC_WARN_UNINITIALIZED_AUTOS = YES_AGGRESSIVE;
				GCC_WARN_UNUSED_FUNCTION = YES;
				GCC_WARN_UNUSED_VARIABLE = YES;
				IPHONEOS_DEPLOYMENT_TARGET = 15.4;
				MTL_ENABLE_DEBUG_INFO = INCLUDE_SOURCE;
				MTL_FAST_MATH = YES;
				ONLY_ACTIVE_ARCH = YES;
				SDKROOT = iphoneos;
				SWIFT_ACTIVE_COMPILATION_CONDITIONS = DEBUG;
				SWIFT_OPTIMIZATION_LEVEL = "-Onone";
			};
			name = Debug;
		};
		D164BD9C27F96EFA00475F5D /* Release */ = {
			isa = XCBuildConfiguration;
			buildSettings = {
				ALWAYS_SEARCH_USER_PATHS = NO;
				CLANG_ANALYZER_LOCALIZABILITY_NONLOCALIZED = YES;
				CLANG_ANALYZER_NONNULL = YES;
				CLANG_ANALYZER_NUMBER_OBJECT_CONVERSION = YES_AGGRESSIVE;
				CLANG_CXX_LANGUAGE_STANDARD = "gnu++17";
				CLANG_ENABLE_MODULES = YES;
				CLANG_ENABLE_OBJC_ARC = YES;
				CLANG_ENABLE_OBJC_WEAK = YES;
				CLANG_WARN_BLOCK_CAPTURE_AUTORELEASING = YES;
				CLANG_WARN_BOOL_CONVERSION = YES;
				CLANG_WARN_COMMA = YES;
				CLANG_WARN_CONSTANT_CONVERSION = YES;
				CLANG_WARN_DEPRECATED_OBJC_IMPLEMENTATIONS = YES;
				CLANG_WARN_DIRECT_OBJC_ISA_USAGE = YES_ERROR;
				CLANG_WARN_DOCUMENTATION_COMMENTS = YES;
				CLANG_WARN_EMPTY_BODY = YES;
				CLANG_WARN_ENUM_CONVERSION = YES;
				CLANG_WARN_INFINITE_RECURSION = YES;
				CLANG_WARN_INT_CONVERSION = YES;
				CLANG_WARN_NON_LITERAL_NULL_CONVERSION = YES;
				CLANG_WARN_OBJC_IMPLICIT_RETAIN_SELF = YES;
				CLANG_WARN_OBJC_LITERAL_CONVERSION = YES;
				CLANG_WARN_OBJC_ROOT_CLASS = YES_ERROR;
				CLANG_WARN_QUOTED_INCLUDE_IN_FRAMEWORK_HEADER = YES;
				CLANG_WARN_RANGE_LOOP_ANALYSIS = YES;
				CLANG_WARN_STRICT_PROTOTYPES = YES;
				CLANG_WARN_SUSPICIOUS_MOVE = YES;
				CLANG_WARN_UNGUARDED_AVAILABILITY = YES_AGGRESSIVE;
				CLANG_WARN_UNREACHABLE_CODE = YES;
				CLANG_WARN__DUPLICATE_METHOD_MATCH = YES;
				COPY_PHASE_STRIP = NO;
				DEBUG_INFORMATION_FORMAT = "dwarf-with-dsym";
				ENABLE_NS_ASSERTIONS = NO;
				ENABLE_STRICT_OBJC_MSGSEND = YES;
				GCC_C_LANGUAGE_STANDARD = gnu11;
				GCC_NO_COMMON_BLOCKS = YES;
				GCC_WARN_64_TO_32_BIT_CONVERSION = YES;
				GCC_WARN_ABOUT_RETURN_TYPE = YES_ERROR;
				GCC_WARN_UNDECLARED_SELECTOR = YES;
				GCC_WARN_UNINITIALIZED_AUTOS = YES_AGGRESSIVE;
				GCC_WARN_UNUSED_FUNCTION = YES;
				GCC_WARN_UNUSED_VARIABLE = YES;
				IPHONEOS_DEPLOYMENT_TARGET = 15.4;
				MTL_ENABLE_DEBUG_INFO = NO;
				MTL_FAST_MATH = YES;
				SDKROOT = iphoneos;
				SWIFT_COMPILATION_MODE = wholemodule;
				SWIFT_OPTIMIZATION_LEVEL = "-O";
				VALIDATE_PRODUCT = YES;
			};
			name = Release;
		};
		D164BD9E27F96EFA00475F5D /* Debug */ = {
			isa = XCBuildConfiguration;
			buildSettings = {
				ASSETCATALOG_COMPILER_APPICON_NAME = AppIcon;
				ASSETCATALOG_COMPILER_GLOBAL_ACCENT_COLOR_NAME = AccentColor;
				CODE_SIGN_ENTITLEMENTS = Travner/Configuration/Travner.entitlements;
				CODE_SIGN_STYLE = Automatic;
				CURRENT_PROJECT_VERSION = 1;
				DEVELOPMENT_ASSET_PATHS = "";
				DEVELOPMENT_TEAM = 6YURMG4P5W;
				ENABLE_PREVIEWS = YES;
				GENERATE_INFOPLIST_FILE = YES;
				INFOPLIST_FILE = Travner/Configuration/Info.plist;
				INFOPLIST_KEY_UIApplicationSceneManifest_Generation = YES;
				INFOPLIST_KEY_UIApplicationSupportsIndirectInputEvents = YES;
				INFOPLIST_KEY_UILaunchScreen_Generation = YES;
				INFOPLIST_KEY_UISupportedInterfaceOrientations_iPad = "UIInterfaceOrientationPortrait UIInterfaceOrientationPortraitUpsideDown UIInterfaceOrientationLandscapeLeft UIInterfaceOrientationLandscapeRight";
				INFOPLIST_KEY_UISupportedInterfaceOrientations_iPhone = "UIInterfaceOrientationPortrait UIInterfaceOrientationLandscapeLeft UIInterfaceOrientationLandscapeRight";
				LD_RUNPATH_SEARCH_PATHS = (
					"$(inherited)",
					"@executable_path/Frameworks",
				);
				MARKETING_VERSION = 1.0;
				PRODUCT_BUNDLE_IDENTIFIER = dev.mazzar.Travner;
				PRODUCT_NAME = "$(TARGET_NAME)";
				SWIFT_EMIT_LOC_STRINGS = YES;
				SWIFT_VERSION = 5.0;
				TARGETED_DEVICE_FAMILY = "1,2";
			};
			name = Debug;
		};
		D164BD9F27F96EFA00475F5D /* Release */ = {
			isa = XCBuildConfiguration;
			buildSettings = {
				ASSETCATALOG_COMPILER_APPICON_NAME = AppIcon;
				ASSETCATALOG_COMPILER_GLOBAL_ACCENT_COLOR_NAME = AccentColor;
				CODE_SIGN_ENTITLEMENTS = Travner/Configuration/Travner.entitlements;
				CODE_SIGN_STYLE = Automatic;
				CURRENT_PROJECT_VERSION = 1;
				DEVELOPMENT_ASSET_PATHS = "";
				DEVELOPMENT_TEAM = 6YURMG4P5W;
				ENABLE_PREVIEWS = YES;
				GENERATE_INFOPLIST_FILE = YES;
				INFOPLIST_FILE = Travner/Configuration/Info.plist;
				INFOPLIST_KEY_UIApplicationSceneManifest_Generation = YES;
				INFOPLIST_KEY_UIApplicationSupportsIndirectInputEvents = YES;
				INFOPLIST_KEY_UILaunchScreen_Generation = YES;
				INFOPLIST_KEY_UISupportedInterfaceOrientations_iPad = "UIInterfaceOrientationPortrait UIInterfaceOrientationPortraitUpsideDown UIInterfaceOrientationLandscapeLeft UIInterfaceOrientationLandscapeRight";
				INFOPLIST_KEY_UISupportedInterfaceOrientations_iPhone = "UIInterfaceOrientationPortrait UIInterfaceOrientationLandscapeLeft UIInterfaceOrientationLandscapeRight";
				LD_RUNPATH_SEARCH_PATHS = (
					"$(inherited)",
					"@executable_path/Frameworks",
				);
				MARKETING_VERSION = 1.0;
				PRODUCT_BUNDLE_IDENTIFIER = dev.mazzar.Travner;
				PRODUCT_NAME = "$(TARGET_NAME)";
				SWIFT_EMIT_LOC_STRINGS = YES;
				SWIFT_VERSION = 5.0;
				TARGETED_DEVICE_FAMILY = "1,2";
			};
			name = Release;
		};
/* End XCBuildConfiguration section */

/* Begin XCConfigurationList section */
		D149013027FA076D00A01053 /* Build configuration list for PBXNativeTarget "TravnerTests" */ = {
			isa = XCConfigurationList;
			buildConfigurations = (
				D149012E27FA076D00A01053 /* Debug */,
				D149012F27FA076D00A01053 /* Release */,
			);
			defaultConfigurationIsVisible = 0;
			defaultConfigurationName = Release;
		};
		D164BD8A27F96EF400475F5D /* Build configuration list for PBXProject "Travner" */ = {
			isa = XCConfigurationList;
			buildConfigurations = (
				D164BD9B27F96EFA00475F5D /* Debug */,
				D164BD9C27F96EFA00475F5D /* Release */,
			);
			defaultConfigurationIsVisible = 0;
			defaultConfigurationName = Release;
		};
		D164BD9D27F96EFA00475F5D /* Build configuration list for PBXNativeTarget "Travner" */ = {
			isa = XCConfigurationList;
			buildConfigurations = (
				D164BD9E27F96EFA00475F5D /* Debug */,
				D164BD9F27F96EFA00475F5D /* Release */,
			);
			defaultConfigurationIsVisible = 0;
			defaultConfigurationName = Release;
		};
/* End XCConfigurationList section */

/* Begin XCVersionGroup section */
		D164BDA027F9740100475F5D /* Main.xcdatamodeld */ = {
			isa = XCVersionGroup;
			children = (
				D164BDA127F9740100475F5D /* Main.xcdatamodel */,
			);
			currentVersion = D164BDA127F9740100475F5D /* Main.xcdatamodel */;
			path = Main.xcdatamodeld;
			sourceTree = "<group>";
			versionGroupType = wrapper.xcdatamodel;
		};
/* End XCVersionGroup section */
	};
	rootObject = D164BD8727F96EF400475F5D /* Project object */;
}
